// !$*UTF8*$!
{
	archiveVersion = 1;
	classes = {
	};
	objectVersion = 46;
	objects = {

/* Begin PBXBuildFile section */
		D134D7F118536AD0001995B2 /* Icon-40.png in Resources */ = {isa = PBXBuildFile; fileRef = D134D7E118536AD0001995B2 /* Icon-40.png */; };
		D134D7F218536AD0001995B2 /* Icon-40@2x.png in Resources */ = {isa = PBXBuildFile; fileRef = D134D7E218536AD0001995B2 /* Icon-40@2x.png */; };
		D134D7F318536AD0001995B2 /* Icon-60.png in Resources */ = {isa = PBXBuildFile; fileRef = D134D7E318536AD0001995B2 /* Icon-60.png */; };
		D134D7F418536AD0001995B2 /* Icon-60@2x.png in Resources */ = {isa = PBXBuildFile; fileRef = D134D7E418536AD0001995B2 /* Icon-60@2x.png */; };
		D134D7FB18536AD0001995B2 /* Icon-Small.png in Resources */ = {isa = PBXBuildFile; fileRef = D134D7EB18536AD0001995B2 /* Icon-Small.png */; };
		D134D7FC18536AD0001995B2 /* Icon-Small@2x.png in Resources */ = {isa = PBXBuildFile; fileRef = D134D7EC18536AD0001995B2 /* Icon-Small@2x.png */; };
		D134D7FF18536AD0001995B2 /* iTunesArtwork.png in Resources */ = {isa = PBXBuildFile; fileRef = D134D7EF18536AD0001995B2 /* iTunesArtwork.png */; };
		D134D80018536AD0001995B2 /* iTunesArtwork@2x.png in Resources */ = {isa = PBXBuildFile; fileRef = D134D7F018536AD0001995B2 /* iTunesArtwork@2x.png */; };
		D134D80718536D1D001995B2 /* default@2x.png in Resources */ = {isa = PBXBuildFile; fileRef = D134D80518536D1D001995B2 /* default@2x.png */; };
		D134D80818536D1D001995B2 /* default-568h@2x.png in Resources */ = {isa = PBXBuildFile; fileRef = D134D80618536D1D001995B2 /* default-568h@2x.png */; };
		D15DBF7117F87DEE007307C1 /* Foundation.framework in Frameworks */ = {isa = PBXBuildFile; fileRef = D15DBF7017F87DEE007307C1 /* Foundation.framework */; };
		D15DBF7317F87DEE007307C1 /* CoreGraphics.framework in Frameworks */ = {isa = PBXBuildFile; fileRef = D15DBF7217F87DEE007307C1 /* CoreGraphics.framework */; };
		D15DBF7517F87DEE007307C1 /* UIKit.framework in Frameworks */ = {isa = PBXBuildFile; fileRef = D15DBF7417F87DEE007307C1 /* UIKit.framework */; };
		D15DBF7B17F87DEE007307C1 /* InfoPlist.strings in Resources */ = {isa = PBXBuildFile; fileRef = D15DBF7917F87DEE007307C1 /* InfoPlist.strings */; };
		D15DBF7D17F87DEE007307C1 /* main.m in Sources */ = {isa = PBXBuildFile; fileRef = D15DBF7C17F87DEE007307C1 /* main.m */; };
		D15DBF8117F87DEE007307C1 /* AppDelegate.m in Sources */ = {isa = PBXBuildFile; fileRef = D15DBF8017F87DEE007307C1 /* AppDelegate.m */; };
		D15DBF8317F87DEE007307C1 /* Images.xcassets in Resources */ = {isa = PBXBuildFile; fileRef = D15DBF8217F87DEE007307C1 /* Images.xcassets */; };
		D15DBF8A17F87DEE007307C1 /* XCTest.framework in Frameworks */ = {isa = PBXBuildFile; fileRef = D15DBF8917F87DEE007307C1 /* XCTest.framework */; };
		D15DBF8B17F87DEE007307C1 /* Foundation.framework in Frameworks */ = {isa = PBXBuildFile; fileRef = D15DBF7017F87DEE007307C1 /* Foundation.framework */; };
		D15DBF8C17F87DEE007307C1 /* UIKit.framework in Frameworks */ = {isa = PBXBuildFile; fileRef = D15DBF7417F87DEE007307C1 /* UIKit.framework */; };
		D15DBF9417F87DEE007307C1 /* InfoPlist.strings in Resources */ = {isa = PBXBuildFile; fileRef = D15DBF9217F87DEE007307C1 /* InfoPlist.strings */; };
		D15DBF9617F87DEE007307C1 /* Sab_ClientTests.m in Sources */ = {isa = PBXBuildFile; fileRef = D15DBF9517F87DEE007307C1 /* Sab_ClientTests.m */; };
		D15DBFA217F8884A007307C1 /* MainStoryboard.storyboard in Resources */ = {isa = PBXBuildFile; fileRef = D15DBFA117F8884A007307C1 /* MainStoryboard.storyboard */; };
		D15DBFA617F88A59007307C1 /* User.m in Sources */ = {isa = PBXBuildFile; fileRef = D15DBFA517F88A59007307C1 /* User.m */; };
		D15DBFA917F88A6E007307C1 /* Server.m in Sources */ = {isa = PBXBuildFile; fileRef = D15DBFA817F88A6E007307C1 /* Server.m */; };
		D15DBFAC17F88A77007307C1 /* Job.m in Sources */ = {isa = PBXBuildFile; fileRef = D15DBFAB17F88A77007307C1 /* Job.m */; };
		D15DBFAF1801B1A7007307C1 /* ServersTableViewController.m in Sources */ = {isa = PBXBuildFile; fileRef = D15DBFAE1801B1A7007307C1 /* ServersTableViewController.m */; };
		D1BD2B41181C2943005F706C /* AFNetworkActivityIndicatorManager.m in Sources */ = {isa = PBXBuildFile; fileRef = D1BD2B33181C2943005F706C /* AFNetworkActivityIndicatorManager.m */; };
		D1BD2B42181C2943005F706C /* UIActivityIndicatorView+AFNetworking.m in Sources */ = {isa = PBXBuildFile; fileRef = D1BD2B35181C2943005F706C /* UIActivityIndicatorView+AFNetworking.m */; };
		D1BD2B43181C2943005F706C /* UIAlertView+AFNetworking.m in Sources */ = {isa = PBXBuildFile; fileRef = D1BD2B37181C2943005F706C /* UIAlertView+AFNetworking.m */; };
		D1BD2B44181C2943005F706C /* UIButton+AFNetworking.m in Sources */ = {isa = PBXBuildFile; fileRef = D1BD2B39181C2943005F706C /* UIButton+AFNetworking.m */; };
		D1BD2B45181C2943005F706C /* UIImageView+AFNetworking.m in Sources */ = {isa = PBXBuildFile; fileRef = D1BD2B3B181C2943005F706C /* UIImageView+AFNetworking.m */; };
		D1BD2B46181C2943005F706C /* UIProgressView+AFNetworking.m in Sources */ = {isa = PBXBuildFile; fileRef = D1BD2B3E181C2943005F706C /* UIProgressView+AFNetworking.m */; };
		D1BD2B47181C2943005F706C /* UIWebView+AFNetworking.m in Sources */ = {isa = PBXBuildFile; fileRef = D1BD2B40181C2943005F706C /* UIWebView+AFNetworking.m */; };
		D1DD0EF71801BFC000CB7357 /* ServerTableViewController.m in Sources */ = {isa = PBXBuildFile; fileRef = D1DD0EF61801BFC000CB7357 /* ServerTableViewController.m */; };
		D1DD0F181807E27900CB7357 /* JobsTableViewController.m in Sources */ = {isa = PBXBuildFile; fileRef = D1DD0F171807E27900CB7357 /* JobsTableViewController.m */; };
		D1DD0F2E180848E100CB7357 /* AFHTTPRequestOperation.m in Sources */ = {isa = PBXBuildFile; fileRef = D1DD0F1C180848E100CB7357 /* AFHTTPRequestOperation.m */; };
		D1DD0F2F180848E100CB7357 /* AFHTTPRequestOperationManager.m in Sources */ = {isa = PBXBuildFile; fileRef = D1DD0F1E180848E100CB7357 /* AFHTTPRequestOperationManager.m */; };
		D1DD0F30180848E100CB7357 /* AFHTTPSessionManager.m in Sources */ = {isa = PBXBuildFile; fileRef = D1DD0F20180848E100CB7357 /* AFHTTPSessionManager.m */; };
		D1DD0F31180848E100CB7357 /* AFNetworkReachabilityManager.m in Sources */ = {isa = PBXBuildFile; fileRef = D1DD0F23180848E100CB7357 /* AFNetworkReachabilityManager.m */; };
		D1DD0F32180848E100CB7357 /* AFSecurityPolicy.m in Sources */ = {isa = PBXBuildFile; fileRef = D1DD0F25180848E100CB7357 /* AFSecurityPolicy.m */; };
		D1DD0F33180848E100CB7357 /* AFURLConnectionOperation.m in Sources */ = {isa = PBXBuildFile; fileRef = D1DD0F27180848E100CB7357 /* AFURLConnectionOperation.m */; };
		D1DD0F34180848E100CB7357 /* AFURLRequestSerialization.m in Sources */ = {isa = PBXBuildFile; fileRef = D1DD0F29180848E100CB7357 /* AFURLRequestSerialization.m */; };
		D1DD0F35180848E100CB7357 /* AFURLResponseSerialization.m in Sources */ = {isa = PBXBuildFile; fileRef = D1DD0F2B180848E100CB7357 /* AFURLResponseSerialization.m */; };
		D1DD0F36180848E100CB7357 /* AFURLSessionManager.m in Sources */ = {isa = PBXBuildFile; fileRef = D1DD0F2D180848E100CB7357 /* AFURLSessionManager.m */; };
		D1DD0F3B180865D800CB7357 /* JobTableViewCell.m in Sources */ = {isa = PBXBuildFile; fileRef = D1DD0F3A180865D800CB7357 /* JobTableViewCell.m */; };
		D1FAAB561809B8790024FD8C /* play@2x.png in Resources */ = {isa = PBXBuildFile; fileRef = D1FAAB551809B8790024FD8C /* play@2x.png */; };
		D1FAAB581809B88B0024FD8C /* play.png in Resources */ = {isa = PBXBuildFile; fileRef = D1FAAB571809B88B0024FD8C /* play.png */; };
		D1FAAB5B1809B8AC0024FD8C /* pause.png in Resources */ = {isa = PBXBuildFile; fileRef = D1FAAB591809B8AC0024FD8C /* pause.png */; };
		D1FAAB5C1809B8AC0024FD8C /* pause@2x.png in Resources */ = {isa = PBXBuildFile; fileRef = D1FAAB5A1809B8AC0024FD8C /* pause@2x.png */; };
/* End PBXBuildFile section */

/* Begin PBXContainerItemProxy section */
		D15DBF8D17F87DEE007307C1 /* PBXContainerItemProxy */ = {
			isa = PBXContainerItemProxy;
			containerPortal = D15DBF6517F87DEE007307C1 /* Project object */;
			proxyType = 1;
			remoteGlobalIDString = D15DBF6C17F87DEE007307C1;
			remoteInfo = "Sab Client";
		};
/* End PBXContainerItemProxy section */

/* Begin PBXFileReference section */
		D134D7E118536AD0001995B2 /* Icon-40.png */ = {isa = PBXFileReference; lastKnownFileType = image.png; path = "Icon-40.png"; sourceTree = "<group>"; };
		D134D7E218536AD0001995B2 /* Icon-40@2x.png */ = {isa = PBXFileReference; lastKnownFileType = image.png; path = "Icon-40@2x.png"; sourceTree = "<group>"; };
		D134D7E318536AD0001995B2 /* Icon-60.png */ = {isa = PBXFileReference; lastKnownFileType = image.png; path = "Icon-60.png"; sourceTree = "<group>"; };
		D134D7E418536AD0001995B2 /* Icon-60@2x.png */ = {isa = PBXFileReference; lastKnownFileType = image.png; path = "Icon-60@2x.png"; sourceTree = "<group>"; };
		D134D7EB18536AD0001995B2 /* Icon-Small.png */ = {isa = PBXFileReference; lastKnownFileType = image.png; path = "Icon-Small.png"; sourceTree = "<group>"; };
		D134D7EC18536AD0001995B2 /* Icon-Small@2x.png */ = {isa = PBXFileReference; lastKnownFileType = image.png; path = "Icon-Small@2x.png"; sourceTree = "<group>"; };
		D134D7EF18536AD0001995B2 /* iTunesArtwork.png */ = {isa = PBXFileReference; lastKnownFileType = image.png; path = iTunesArtwork.png; sourceTree = "<group>"; };
		D134D7F018536AD0001995B2 /* iTunesArtwork@2x.png */ = {isa = PBXFileReference; lastKnownFileType = image.png; path = "iTunesArtwork@2x.png"; sourceTree = "<group>"; };
		D134D80518536D1D001995B2 /* default@2x.png */ = {isa = PBXFileReference; lastKnownFileType = image.png; path = "default@2x.png"; sourceTree = "<group>"; };
		D134D80618536D1D001995B2 /* default-568h@2x.png */ = {isa = PBXFileReference; lastKnownFileType = image.png; path = "default-568h@2x.png"; sourceTree = "<group>"; };
		D15DBF6D17F87DEE007307C1 /* sAppy.app */ = {isa = PBXFileReference; explicitFileType = wrapper.application; includeInIndex = 0; path = sAppy.app; sourceTree = BUILT_PRODUCTS_DIR; };
		D15DBF7017F87DEE007307C1 /* Foundation.framework */ = {isa = PBXFileReference; lastKnownFileType = wrapper.framework; name = Foundation.framework; path = System/Library/Frameworks/Foundation.framework; sourceTree = SDKROOT; };
		D15DBF7217F87DEE007307C1 /* CoreGraphics.framework */ = {isa = PBXFileReference; lastKnownFileType = wrapper.framework; name = CoreGraphics.framework; path = System/Library/Frameworks/CoreGraphics.framework; sourceTree = SDKROOT; };
		D15DBF7417F87DEE007307C1 /* UIKit.framework */ = {isa = PBXFileReference; lastKnownFileType = wrapper.framework; name = UIKit.framework; path = System/Library/Frameworks/UIKit.framework; sourceTree = SDKROOT; };
		D15DBF7817F87DEE007307C1 /* sAppy-Info.plist */ = {isa = PBXFileReference; lastKnownFileType = text.plist.xml; path = "sAppy-Info.plist"; sourceTree = "<group>"; };
		D15DBF7A17F87DEE007307C1 /* en */ = {isa = PBXFileReference; lastKnownFileType = text.plist.strings; name = en; path = en.lproj/InfoPlist.strings; sourceTree = "<group>"; };
		D15DBF7C17F87DEE007307C1 /* main.m */ = {isa = PBXFileReference; lastKnownFileType = sourcecode.c.objc; path = main.m; sourceTree = "<group>"; };
		D15DBF7E17F87DEE007307C1 /* sAppy-Prefix.pch */ = {isa = PBXFileReference; lastKnownFileType = sourcecode.c.h; path = "sAppy-Prefix.pch"; sourceTree = "<group>"; };
		D15DBF7F17F87DEE007307C1 /* AppDelegate.h */ = {isa = PBXFileReference; lastKnownFileType = sourcecode.c.h; path = AppDelegate.h; sourceTree = "<group>"; };
		D15DBF8017F87DEE007307C1 /* AppDelegate.m */ = {isa = PBXFileReference; lastKnownFileType = sourcecode.c.objc; path = AppDelegate.m; sourceTree = "<group>"; };
		D15DBF8217F87DEE007307C1 /* Images.xcassets */ = {isa = PBXFileReference; lastKnownFileType = folder.assetcatalog; path = Images.xcassets; sourceTree = "<group>"; };
		D15DBF8817F87DEE007307C1 /* sAppyTests.xctest */ = {isa = PBXFileReference; explicitFileType = wrapper.cfbundle; includeInIndex = 0; path = sAppyTests.xctest; sourceTree = BUILT_PRODUCTS_DIR; };
		D15DBF8917F87DEE007307C1 /* XCTest.framework */ = {isa = PBXFileReference; lastKnownFileType = wrapper.framework; name = XCTest.framework; path = Library/Frameworks/XCTest.framework; sourceTree = DEVELOPER_DIR; };
		D15DBF9117F87DEE007307C1 /* sAppyTests-Info.plist */ = {isa = PBXFileReference; lastKnownFileType = text.plist.xml; path = "sAppyTests-Info.plist"; sourceTree = "<group>"; };
		D15DBF9317F87DEE007307C1 /* en */ = {isa = PBXFileReference; lastKnownFileType = text.plist.strings; name = en; path = en.lproj/InfoPlist.strings; sourceTree = "<group>"; };
		D15DBF9517F87DEE007307C1 /* Sab_ClientTests.m */ = {isa = PBXFileReference; lastKnownFileType = sourcecode.c.objc; path = Sab_ClientTests.m; sourceTree = "<group>"; };
		D15DBFA117F8884A007307C1 /* MainStoryboard.storyboard */ = {isa = PBXFileReference; fileEncoding = 4; lastKnownFileType = file.storyboard; path = MainStoryboard.storyboard; sourceTree = "<group>"; };
		D15DBFA417F88A59007307C1 /* User.h */ = {isa = PBXFileReference; fileEncoding = 4; lastKnownFileType = sourcecode.c.h; path = User.h; sourceTree = "<group>"; };
		D15DBFA517F88A59007307C1 /* User.m */ = {isa = PBXFileReference; fileEncoding = 4; lastKnownFileType = sourcecode.c.objc; path = User.m; sourceTree = "<group>"; };
		D15DBFA717F88A6E007307C1 /* Server.h */ = {isa = PBXFileReference; fileEncoding = 4; lastKnownFileType = sourcecode.c.h; path = Server.h; sourceTree = "<group>"; };
		D15DBFA817F88A6E007307C1 /* Server.m */ = {isa = PBXFileReference; fileEncoding = 4; lastKnownFileType = sourcecode.c.objc; path = Server.m; sourceTree = "<group>"; };
		D15DBFAA17F88A77007307C1 /* Job.h */ = {isa = PBXFileReference; fileEncoding = 4; lastKnownFileType = sourcecode.c.h; path = Job.h; sourceTree = "<group>"; };
		D15DBFAB17F88A77007307C1 /* Job.m */ = {isa = PBXFileReference; fileEncoding = 4; lastKnownFileType = sourcecode.c.objc; path = Job.m; sourceTree = "<group>"; };
		D15DBFAD1801B1A7007307C1 /* ServersTableViewController.h */ = {isa = PBXFileReference; fileEncoding = 4; lastKnownFileType = sourcecode.c.h; path = ServersTableViewController.h; sourceTree = "<group>"; };
		D15DBFAE1801B1A7007307C1 /* ServersTableViewController.m */ = {isa = PBXFileReference; fileEncoding = 4; lastKnownFileType = sourcecode.c.objc; path = ServersTableViewController.m; sourceTree = "<group>"; };
		D1BD2B32181C2943005F706C /* AFNetworkActivityIndicatorManager.h */ = {isa = PBXFileReference; fileEncoding = 4; lastKnownFileType = sourcecode.c.h; path = AFNetworkActivityIndicatorManager.h; sourceTree = "<group>"; };
		D1BD2B33181C2943005F706C /* AFNetworkActivityIndicatorManager.m */ = {isa = PBXFileReference; fileEncoding = 4; lastKnownFileType = sourcecode.c.objc; path = AFNetworkActivityIndicatorManager.m; sourceTree = "<group>"; };
		D1BD2B34181C2943005F706C /* UIActivityIndicatorView+AFNetworking.h */ = {isa = PBXFileReference; fileEncoding = 4; lastKnownFileType = sourcecode.c.h; path = "UIActivityIndicatorView+AFNetworking.h"; sourceTree = "<group>"; };
		D1BD2B35181C2943005F706C /* UIActivityIndicatorView+AFNetworking.m */ = {isa = PBXFileReference; fileEncoding = 4; lastKnownFileType = sourcecode.c.objc; path = "UIActivityIndicatorView+AFNetworking.m"; sourceTree = "<group>"; };
		D1BD2B36181C2943005F706C /* UIAlertView+AFNetworking.h */ = {isa = PBXFileReference; fileEncoding = 4; lastKnownFileType = sourcecode.c.h; path = "UIAlertView+AFNetworking.h"; sourceTree = "<group>"; };
		D1BD2B37181C2943005F706C /* UIAlertView+AFNetworking.m */ = {isa = PBXFileReference; fileEncoding = 4; lastKnownFileType = sourcecode.c.objc; path = "UIAlertView+AFNetworking.m"; sourceTree = "<group>"; };
		D1BD2B38181C2943005F706C /* UIButton+AFNetworking.h */ = {isa = PBXFileReference; fileEncoding = 4; lastKnownFileType = sourcecode.c.h; path = "UIButton+AFNetworking.h"; sourceTree = "<group>"; };
		D1BD2B39181C2943005F706C /* UIButton+AFNetworking.m */ = {isa = PBXFileReference; fileEncoding = 4; lastKnownFileType = sourcecode.c.objc; path = "UIButton+AFNetworking.m"; sourceTree = "<group>"; };
		D1BD2B3A181C2943005F706C /* UIImageView+AFNetworking.h */ = {isa = PBXFileReference; fileEncoding = 4; lastKnownFileType = sourcecode.c.h; path = "UIImageView+AFNetworking.h"; sourceTree = "<group>"; };
		D1BD2B3B181C2943005F706C /* UIImageView+AFNetworking.m */ = {isa = PBXFileReference; fileEncoding = 4; lastKnownFileType = sourcecode.c.objc; path = "UIImageView+AFNetworking.m"; sourceTree = "<group>"; };
		D1BD2B3C181C2943005F706C /* UIKit+AFNetworking.h */ = {isa = PBXFileReference; fileEncoding = 4; lastKnownFileType = sourcecode.c.h; path = "UIKit+AFNetworking.h"; sourceTree = "<group>"; };
		D1BD2B3D181C2943005F706C /* UIProgressView+AFNetworking.h */ = {isa = PBXFileReference; fileEncoding = 4; lastKnownFileType = sourcecode.c.h; path = "UIProgressView+AFNetworking.h"; sourceTree = "<group>"; };
		D1BD2B3E181C2943005F706C /* UIProgressView+AFNetworking.m */ = {isa = PBXFileReference; fileEncoding = 4; lastKnownFileType = sourcecode.c.objc; path = "UIProgressView+AFNetworking.m"; sourceTree = "<group>"; };
		D1BD2B3F181C2943005F706C /* UIWebView+AFNetworking.h */ = {isa = PBXFileReference; fileEncoding = 4; lastKnownFileType = sourcecode.c.h; path = "UIWebView+AFNetworking.h"; sourceTree = "<group>"; };
		D1BD2B40181C2943005F706C /* UIWebView+AFNetworking.m */ = {isa = PBXFileReference; fileEncoding = 4; lastKnownFileType = sourcecode.c.objc; path = "UIWebView+AFNetworking.m"; sourceTree = "<group>"; };
		D1DD0EF51801BFC000CB7357 /* ServerTableViewController.h */ = {isa = PBXFileReference; fileEncoding = 4; lastKnownFileType = sourcecode.c.h; path = ServerTableViewController.h; sourceTree = "<group>"; };
		D1DD0EF61801BFC000CB7357 /* ServerTableViewController.m */ = {isa = PBXFileReference; fileEncoding = 4; lastKnownFileType = sourcecode.c.objc; path = ServerTableViewController.m; sourceTree = "<group>"; };
		D1DD0F161807E27900CB7357 /* JobsTableViewController.h */ = {isa = PBXFileReference; fileEncoding = 4; lastKnownFileType = sourcecode.c.h; path = JobsTableViewController.h; sourceTree = "<group>"; };
		D1DD0F171807E27900CB7357 /* JobsTableViewController.m */ = {isa = PBXFileReference; fileEncoding = 4; lastKnownFileType = sourcecode.c.objc; path = JobsTableViewController.m; sourceTree = "<group>"; };
		D1DD0F1B180848E100CB7357 /* AFHTTPRequestOperation.h */ = {isa = PBXFileReference; fileEncoding = 4; lastKnownFileType = sourcecode.c.h; path = AFHTTPRequestOperation.h; sourceTree = "<group>"; };
		D1DD0F1C180848E100CB7357 /* AFHTTPRequestOperation.m */ = {isa = PBXFileReference; fileEncoding = 4; lastKnownFileType = sourcecode.c.objc; path = AFHTTPRequestOperation.m; sourceTree = "<group>"; };
		D1DD0F1D180848E100CB7357 /* AFHTTPRequestOperationManager.h */ = {isa = PBXFileReference; fileEncoding = 4; lastKnownFileType = sourcecode.c.h; path = AFHTTPRequestOperationManager.h; sourceTree = "<group>"; };
		D1DD0F1E180848E100CB7357 /* AFHTTPRequestOperationManager.m */ = {isa = PBXFileReference; fileEncoding = 4; lastKnownFileType = sourcecode.c.objc; path = AFHTTPRequestOperationManager.m; sourceTree = "<group>"; };
		D1DD0F1F180848E100CB7357 /* AFHTTPSessionManager.h */ = {isa = PBXFileReference; fileEncoding = 4; lastKnownFileType = sourcecode.c.h; path = AFHTTPSessionManager.h; sourceTree = "<group>"; };
		D1DD0F20180848E100CB7357 /* AFHTTPSessionManager.m */ = {isa = PBXFileReference; fileEncoding = 4; lastKnownFileType = sourcecode.c.objc; path = AFHTTPSessionManager.m; sourceTree = "<group>"; };
		D1DD0F21180848E100CB7357 /* AFNetworking.h */ = {isa = PBXFileReference; fileEncoding = 4; lastKnownFileType = sourcecode.c.h; path = AFNetworking.h; sourceTree = "<group>"; };
		D1DD0F22180848E100CB7357 /* AFNetworkReachabilityManager.h */ = {isa = PBXFileReference; fileEncoding = 4; lastKnownFileType = sourcecode.c.h; path = AFNetworkReachabilityManager.h; sourceTree = "<group>"; };
		D1DD0F23180848E100CB7357 /* AFNetworkReachabilityManager.m */ = {isa = PBXFileReference; fileEncoding = 4; lastKnownFileType = sourcecode.c.objc; path = AFNetworkReachabilityManager.m; sourceTree = "<group>"; };
		D1DD0F24180848E100CB7357 /* AFSecurityPolicy.h */ = {isa = PBXFileReference; fileEncoding = 4; lastKnownFileType = sourcecode.c.h; path = AFSecurityPolicy.h; sourceTree = "<group>"; };
		D1DD0F25180848E100CB7357 /* AFSecurityPolicy.m */ = {isa = PBXFileReference; fileEncoding = 4; lastKnownFileType = sourcecode.c.objc; path = AFSecurityPolicy.m; sourceTree = "<group>"; };
		D1DD0F26180848E100CB7357 /* AFURLConnectionOperation.h */ = {isa = PBXFileReference; fileEncoding = 4; lastKnownFileType = sourcecode.c.h; path = AFURLConnectionOperation.h; sourceTree = "<group>"; };
		D1DD0F27180848E100CB7357 /* AFURLConnectionOperation.m */ = {isa = PBXFileReference; fileEncoding = 4; lastKnownFileType = sourcecode.c.objc; path = AFURLConnectionOperation.m; sourceTree = "<group>"; };
		D1DD0F28180848E100CB7357 /* AFURLRequestSerialization.h */ = {isa = PBXFileReference; fileEncoding = 4; lastKnownFileType = sourcecode.c.h; path = AFURLRequestSerialization.h; sourceTree = "<group>"; };
		D1DD0F29180848E100CB7357 /* AFURLRequestSerialization.m */ = {isa = PBXFileReference; fileEncoding = 4; lastKnownFileType = sourcecode.c.objc; path = AFURLRequestSerialization.m; sourceTree = "<group>"; };
		D1DD0F2A180848E100CB7357 /* AFURLResponseSerialization.h */ = {isa = PBXFileReference; fileEncoding = 4; lastKnownFileType = sourcecode.c.h; path = AFURLResponseSerialization.h; sourceTree = "<group>"; };
		D1DD0F2B180848E100CB7357 /* AFURLResponseSerialization.m */ = {isa = PBXFileReference; fileEncoding = 4; lastKnownFileType = sourcecode.c.objc; path = AFURLResponseSerialization.m; sourceTree = "<group>"; };
		D1DD0F2C180848E100CB7357 /* AFURLSessionManager.h */ = {isa = PBXFileReference; fileEncoding = 4; lastKnownFileType = sourcecode.c.h; path = AFURLSessionManager.h; sourceTree = "<group>"; };
		D1DD0F2D180848E100CB7357 /* AFURLSessionManager.m */ = {isa = PBXFileReference; fileEncoding = 4; lastKnownFileType = sourcecode.c.objc; path = AFURLSessionManager.m; sourceTree = "<group>"; };
		D1DD0F39180865D800CB7357 /* JobTableViewCell.h */ = {isa = PBXFileReference; fileEncoding = 4; lastKnownFileType = sourcecode.c.h; path = JobTableViewCell.h; sourceTree = "<group>"; };
		D1DD0F3A180865D800CB7357 /* JobTableViewCell.m */ = {isa = PBXFileReference; fileEncoding = 4; lastKnownFileType = sourcecode.c.objc; path = JobTableViewCell.m; sourceTree = "<group>"; };
		D1FAAB551809B8790024FD8C /* play@2x.png */ = {isa = PBXFileReference; lastKnownFileType = image.png; path = "play@2x.png"; sourceTree = "<group>"; };
		D1FAAB571809B88B0024FD8C /* play.png */ = {isa = PBXFileReference; lastKnownFileType = image.png; path = play.png; sourceTree = "<group>"; };
		D1FAAB591809B8AC0024FD8C /* pause.png */ = {isa = PBXFileReference; lastKnownFileType = image.png; path = pause.png; sourceTree = "<group>"; };
		D1FAAB5A1809B8AC0024FD8C /* pause@2x.png */ = {isa = PBXFileReference; lastKnownFileType = image.png; path = "pause@2x.png"; sourceTree = "<group>"; };
/* End PBXFileReference section */

/* Begin PBXFrameworksBuildPhase section */
		D15DBF6A17F87DEE007307C1 /* Frameworks */ = {
			isa = PBXFrameworksBuildPhase;
			buildActionMask = 2147483647;
			files = (
				D15DBF7317F87DEE007307C1 /* CoreGraphics.framework in Frameworks */,
				D15DBF7517F87DEE007307C1 /* UIKit.framework in Frameworks */,
				D15DBF7117F87DEE007307C1 /* Foundation.framework in Frameworks */,
			);
			runOnlyForDeploymentPostprocessing = 0;
		};
		D15DBF8517F87DEE007307C1 /* Frameworks */ = {
			isa = PBXFrameworksBuildPhase;
			buildActionMask = 2147483647;
			files = (
				D15DBF8A17F87DEE007307C1 /* XCTest.framework in Frameworks */,
				D15DBF8C17F87DEE007307C1 /* UIKit.framework in Frameworks */,
				D15DBF8B17F87DEE007307C1 /* Foundation.framework in Frameworks */,
			);
			runOnlyForDeploymentPostprocessing = 0;
		};
/* End PBXFrameworksBuildPhase section */

/* Begin PBXGroup section */
		D15DBF6417F87DEE007307C1 = {
			isa = PBXGroup;
			children = (
				D15DBF7617F87DEE007307C1 /* Sab Client */,
				D15DBF8F17F87DEE007307C1 /* Sab ClientTests */,
				D15DBF6F17F87DEE007307C1 /* Frameworks */,
				D15DBF6E17F87DEE007307C1 /* Products */,
			);
			sourceTree = "<group>";
		};
		D15DBF6E17F87DEE007307C1 /* Products */ = {
			isa = PBXGroup;
			children = (
				D15DBF6D17F87DEE007307C1 /* sAppy.app */,
				D15DBF8817F87DEE007307C1 /* sAppyTests.xctest */,
			);
			name = Products;
			sourceTree = "<group>";
		};
		D15DBF6F17F87DEE007307C1 /* Frameworks */ = {
			isa = PBXGroup;
			children = (
				D15DBF7017F87DEE007307C1 /* Foundation.framework */,
				D15DBF7217F87DEE007307C1 /* CoreGraphics.framework */,
				D15DBF7417F87DEE007307C1 /* UIKit.framework */,
				D15DBF8917F87DEE007307C1 /* XCTest.framework */,
			);
			name = Frameworks;
			sourceTree = "<group>";
		};
		D15DBF7617F87DEE007307C1 /* Sab Client */ = {
			isa = PBXGroup;
			children = (
				D1DD0F3718084E5600CB7357 /* Controller */,
				D1DD0F1A180848E100CB7357 /* AFNetworking */,
				D1BD2B31181C2943005F706C /* UIKit+AFNetworking */,
				D1DD0F3818084E7200CB7357 /* View */,
				D15DBFA317F888B3007307C1 /* Model */,
				D15DBFA117F8884A007307C1 /* MainStoryboard.storyboard */,
				D15DBF7F17F87DEE007307C1 /* AppDelegate.h */,
				D15DBF8017F87DEE007307C1 /* AppDelegate.m */,
				D15DBF8217F87DEE007307C1 /* Images.xcassets */,
				D15DBF7717F87DEE007307C1 /* Supporting Files */,
			);
			path = "Sab Client";
			sourceTree = "<group>";
		};
		D15DBF7717F87DEE007307C1 /* Supporting Files */ = {
			isa = PBXGroup;
			children = (
				D1FAAB551809B8790024FD8C /* play@2x.png */,
				D1FAAB571809B88B0024FD8C /* play.png */,
				D134D7E118536AD0001995B2 /* Icon-40.png */,
				D134D7E218536AD0001995B2 /* Icon-40@2x.png */,
				D134D7E318536AD0001995B2 /* Icon-60.png */,
				D134D7E418536AD0001995B2 /* Icon-60@2x.png */,
				D134D80518536D1D001995B2 /* default@2x.png */,
				D134D80618536D1D001995B2 /* default-568h@2x.png */,
				D134D7EB18536AD0001995B2 /* Icon-Small.png */,
				D134D7EC18536AD0001995B2 /* Icon-Small@2x.png */,
				D134D7EF18536AD0001995B2 /* iTunesArtwork.png */,
				D134D7F018536AD0001995B2 /* iTunesArtwork@2x.png */,
				D1FAAB591809B8AC0024FD8C /* pause.png */,
				D1FAAB5A1809B8AC0024FD8C /* pause@2x.png */,
				D15DBF7817F87DEE007307C1 /* sAppy-Info.plist */,
				D15DBF7917F87DEE007307C1 /* InfoPlist.strings */,
				D15DBF7C17F87DEE007307C1 /* main.m */,
				D15DBF7E17F87DEE007307C1 /* sAppy-Prefix.pch */,
			);
			name = "Supporting Files";
			sourceTree = "<group>";
		};
		D15DBF8F17F87DEE007307C1 /* Sab ClientTests */ = {
			isa = PBXGroup;
			children = (
				D15DBF9517F87DEE007307C1 /* Sab_ClientTests.m */,
				D15DBF9017F87DEE007307C1 /* Supporting Files */,
			);
			path = "Sab ClientTests";
			sourceTree = "<group>";
		};
		D15DBF9017F87DEE007307C1 /* Supporting Files */ = {
			isa = PBXGroup;
			children = (
				D15DBF9117F87DEE007307C1 /* sAppyTests-Info.plist */,
				D15DBF9217F87DEE007307C1 /* InfoPlist.strings */,
			);
			name = "Supporting Files";
			sourceTree = "<group>";
		};
		D15DBFA317F888B3007307C1 /* Model */ = {
			isa = PBXGroup;
			children = (
				D15DBFA417F88A59007307C1 /* User.h */,
				D15DBFA517F88A59007307C1 /* User.m */,
				D15DBFA717F88A6E007307C1 /* Server.h */,
				D15DBFA817F88A6E007307C1 /* Server.m */,
				D15DBFAA17F88A77007307C1 /* Job.h */,
				D15DBFAB17F88A77007307C1 /* Job.m */,
			);
			name = Model;
			sourceTree = "<group>";
		};
		D1BD2B31181C2943005F706C /* UIKit+AFNetworking */ = {
			isa = PBXGroup;
			children = (
				D1BD2B32181C2943005F706C /* AFNetworkActivityIndicatorManager.h */,
				D1BD2B33181C2943005F706C /* AFNetworkActivityIndicatorManager.m */,
				D1BD2B34181C2943005F706C /* UIActivityIndicatorView+AFNetworking.h */,
				D1BD2B35181C2943005F706C /* UIActivityIndicatorView+AFNetworking.m */,
				D1BD2B36181C2943005F706C /* UIAlertView+AFNetworking.h */,
				D1BD2B37181C2943005F706C /* UIAlertView+AFNetworking.m */,
				D1BD2B38181C2943005F706C /* UIButton+AFNetworking.h */,
				D1BD2B39181C2943005F706C /* UIButton+AFNetworking.m */,
				D1BD2B3A181C2943005F706C /* UIImageView+AFNetworking.h */,
				D1BD2B3B181C2943005F706C /* UIImageView+AFNetworking.m */,
				D1BD2B3C181C2943005F706C /* UIKit+AFNetworking.h */,
				D1BD2B3D181C2943005F706C /* UIProgressView+AFNetworking.h */,
				D1BD2B3E181C2943005F706C /* UIProgressView+AFNetworking.m */,
				D1BD2B3F181C2943005F706C /* UIWebView+AFNetworking.h */,
				D1BD2B40181C2943005F706C /* UIWebView+AFNetworking.m */,
			);
			path = "UIKit+AFNetworking";
			sourceTree = "<group>";
		};
		D1DD0F1A180848E100CB7357 /* AFNetworking */ = {
			isa = PBXGroup;
			children = (
				D1DD0F1B180848E100CB7357 /* AFHTTPRequestOperation.h */,
				D1DD0F1C180848E100CB7357 /* AFHTTPRequestOperation.m */,
				D1DD0F1D180848E100CB7357 /* AFHTTPRequestOperationManager.h */,
				D1DD0F1E180848E100CB7357 /* AFHTTPRequestOperationManager.m */,
				D1DD0F1F180848E100CB7357 /* AFHTTPSessionManager.h */,
				D1DD0F20180848E100CB7357 /* AFHTTPSessionManager.m */,
				D1DD0F21180848E100CB7357 /* AFNetworking.h */,
				D1DD0F22180848E100CB7357 /* AFNetworkReachabilityManager.h */,
				D1DD0F23180848E100CB7357 /* AFNetworkReachabilityManager.m */,
				D1DD0F24180848E100CB7357 /* AFSecurityPolicy.h */,
				D1DD0F25180848E100CB7357 /* AFSecurityPolicy.m */,
				D1DD0F26180848E100CB7357 /* AFURLConnectionOperation.h */,
				D1DD0F27180848E100CB7357 /* AFURLConnectionOperation.m */,
				D1DD0F28180848E100CB7357 /* AFURLRequestSerialization.h */,
				D1DD0F29180848E100CB7357 /* AFURLRequestSerialization.m */,
				D1DD0F2A180848E100CB7357 /* AFURLResponseSerialization.h */,
				D1DD0F2B180848E100CB7357 /* AFURLResponseSerialization.m */,
				D1DD0F2C180848E100CB7357 /* AFURLSessionManager.h */,
				D1DD0F2D180848E100CB7357 /* AFURLSessionManager.m */,
			);
			path = AFNetworking;
			sourceTree = "<group>";
		};
		D1DD0F3718084E5600CB7357 /* Controller */ = {
			isa = PBXGroup;
			children = (
				D1DD0EF51801BFC000CB7357 /* ServerTableViewController.h */,
				D1DD0EF61801BFC000CB7357 /* ServerTableViewController.m */,
				D15DBFAD1801B1A7007307C1 /* ServersTableViewController.h */,
				D15DBFAE1801B1A7007307C1 /* ServersTableViewController.m */,
				D1DD0F161807E27900CB7357 /* JobsTableViewController.h */,
				D1DD0F171807E27900CB7357 /* JobsTableViewController.m */,
			);
			name = Controller;
			sourceTree = "<group>";
		};
		D1DD0F3818084E7200CB7357 /* View */ = {
			isa = PBXGroup;
			children = (
				D1DD0F39180865D800CB7357 /* JobTableViewCell.h */,
				D1DD0F3A180865D800CB7357 /* JobTableViewCell.m */,
			);
			name = View;
			sourceTree = "<group>";
		};
/* End PBXGroup section */

/* Begin PBXNativeTarget section */
		D15DBF6C17F87DEE007307C1 /* sAppy */ = {
			isa = PBXNativeTarget;
			buildConfigurationList = D15DBF9917F87DEE007307C1 /* Build configuration list for PBXNativeTarget "sAppy" */;
			buildPhases = (
				D15DBF6917F87DEE007307C1 /* Sources */,
				D15DBF6A17F87DEE007307C1 /* Frameworks */,
				D15DBF6B17F87DEE007307C1 /* Resources */,
			);
			buildRules = (
			);
			dependencies = (
			);
			name = sAppy;
			productName = "Sab Client";
			productReference = D15DBF6D17F87DEE007307C1 /* sAppy.app */;
			productType = "com.apple.product-type.application";
		};
		D15DBF8717F87DEE007307C1 /* sAppyTests */ = {
			isa = PBXNativeTarget;
			buildConfigurationList = D15DBF9C17F87DEE007307C1 /* Build configuration list for PBXNativeTarget "sAppyTests" */;
			buildPhases = (
				D15DBF8417F87DEE007307C1 /* Sources */,
				D15DBF8517F87DEE007307C1 /* Frameworks */,
				D15DBF8617F87DEE007307C1 /* Resources */,
			);
			buildRules = (
			);
			dependencies = (
				D15DBF8E17F87DEE007307C1 /* PBXTargetDependency */,
			);
			name = sAppyTests;
			productName = "Sab ClientTests";
			productReference = D15DBF8817F87DEE007307C1 /* sAppyTests.xctest */;
			productType = "com.apple.product-type.bundle.unit-test";
		};
/* End PBXNativeTarget section */

/* Begin PBXProject section */
		D15DBF6517F87DEE007307C1 /* Project object */ = {
			isa = PBXProject;
			attributes = {
				LastUpgradeCheck = 0500;
				ORGANIZATIONNAME = "Jonas Anseeuw";
				TargetAttributes = {
					D15DBF6C17F87DEE007307C1 = {
						DevelopmentTeam = 8VYWUB7ASE;
					};
					D15DBF8717F87DEE007307C1 = {
						TestTargetID = D15DBF6C17F87DEE007307C1;
					};
				};
			};
			buildConfigurationList = D15DBF6817F87DEE007307C1 /* Build configuration list for PBXProject "sAppy" */;
			compatibilityVersion = "Xcode 3.2";
			developmentRegion = English;
			hasScannedForEncodings = 0;
			knownRegions = (
				en,
			);
			mainGroup = D15DBF6417F87DEE007307C1;
			productRefGroup = D15DBF6E17F87DEE007307C1 /* Products */;
			projectDirPath = "";
			projectRoot = "";
			targets = (
				D15DBF6C17F87DEE007307C1 /* sAppy */,
				D15DBF8717F87DEE007307C1 /* sAppyTests */,
			);
		};
/* End PBXProject section */

/* Begin PBXResourcesBuildPhase section */
		D15DBF6B17F87DEE007307C1 /* Resources */ = {
			isa = PBXResourcesBuildPhase;
			buildActionMask = 2147483647;
			files = (
				D134D80718536D1D001995B2 /* default@2x.png in Resources */,
				D134D7F318536AD0001995B2 /* Icon-60.png in Resources */,
				D134D7F118536AD0001995B2 /* Icon-40.png in Resources */,
				D134D7FC18536AD0001995B2 /* Icon-Small@2x.png in Resources */,
				D1FAAB5B1809B8AC0024FD8C /* pause.png in Resources */,
				D134D7FF18536AD0001995B2 /* iTunesArtwork.png in Resources */,
				D1FAAB5C1809B8AC0024FD8C /* pause@2x.png in Resources */,
				D134D7F418536AD0001995B2 /* Icon-60@2x.png in Resources */,
				D134D7FB18536AD0001995B2 /* Icon-Small.png in Resources */,
				D134D7F218536AD0001995B2 /* Icon-40@2x.png in Resources */,
				D15DBFA217F8884A007307C1 /* MainStoryboard.storyboard in Resources */,
				D15DBF7B17F87DEE007307C1 /* InfoPlist.strings in Resources */,
				D15DBF8317F87DEE007307C1 /* Images.xcassets in Resources */,
				D1FAAB561809B8790024FD8C /* play@2x.png in Resources */,
				D1FAAB581809B88B0024FD8C /* play.png in Resources */,
				D134D80818536D1D001995B2 /* default-568h@2x.png in Resources */,
				D134D80018536AD0001995B2 /* iTunesArtwork@2x.png in Resources */,
			);
			runOnlyForDeploymentPostprocessing = 0;
		};
		D15DBF8617F87DEE007307C1 /* Resources */ = {
			isa = PBXResourcesBuildPhase;
			buildActionMask = 2147483647;
			files = (
				D15DBF9417F87DEE007307C1 /* InfoPlist.strings in Resources */,
			);
			runOnlyForDeploymentPostprocessing = 0;
		};
/* End PBXResourcesBuildPhase section */

/* Begin PBXSourcesBuildPhase section */
		D15DBF6917F87DEE007307C1 /* Sources */ = {
			isa = PBXSourcesBuildPhase;
			buildActionMask = 2147483647;
			files = (
				D1DD0F36180848E100CB7357 /* AFURLSessionManager.m in Sources */,
				D1DD0F33180848E100CB7357 /* AFURLConnectionOperation.m in Sources */,
				D1DD0F2E180848E100CB7357 /* AFHTTPRequestOperation.m in Sources */,
				D15DBFAC17F88A77007307C1 /* Job.m in Sources */,
				D1BD2B41181C2943005F706C /* AFNetworkActivityIndicatorManager.m in Sources */,
				D1BD2B45181C2943005F706C /* UIImageView+AFNetworking.m in Sources */,
				D1DD0F2F180848E100CB7357 /* AFHTTPRequestOperationManager.m in Sources */,
				D1BD2B42181C2943005F706C /* UIActivityIndicatorView+AFNetworking.m in Sources */,
				D1DD0F181807E27900CB7357 /* JobsTableViewController.m in Sources */,
				D15DBF8117F87DEE007307C1 /* AppDelegate.m in Sources */,
				D1BD2B43181C2943005F706C /* UIAlertView+AFNetworking.m in Sources */,
				D1DD0F30180848E100CB7357 /* AFHTTPSessionManager.m in Sources */,
				D15DBFAF1801B1A7007307C1 /* ServersTableViewController.m in Sources */,
				D1DD0EF71801BFC000CB7357 /* ServerTableViewController.m in Sources */,
				D15DBF7D17F87DEE007307C1 /* main.m in Sources */,
				D1DD0F3B180865D800CB7357 /* JobTableViewCell.m in Sources */,
				D1BD2B46181C2943005F706C /* UIProgressView+AFNetworking.m in Sources */,
				D1DD0F32180848E100CB7357 /* AFSecurityPolicy.m in Sources */,
				D1BD2B44181C2943005F706C /* UIButton+AFNetworking.m in Sources */,
				D15DBFA917F88A6E007307C1 /* Server.m in Sources */,
				D1DD0F34180848E100CB7357 /* AFURLRequestSerialization.m in Sources */,
				D1DD0F31180848E100CB7357 /* AFNetworkReachabilityManager.m in Sources */,
				D1BD2B47181C2943005F706C /* UIWebView+AFNetworking.m in Sources */,
				D1DD0F35180848E100CB7357 /* AFURLResponseSerialization.m in Sources */,
				D15DBFA617F88A59007307C1 /* User.m in Sources */,
			);
			runOnlyForDeploymentPostprocessing = 0;
		};
		D15DBF8417F87DEE007307C1 /* Sources */ = {
			isa = PBXSourcesBuildPhase;
			buildActionMask = 2147483647;
			files = (
				D15DBF9617F87DEE007307C1 /* Sab_ClientTests.m in Sources */,
			);
			runOnlyForDeploymentPostprocessing = 0;
		};
/* End PBXSourcesBuildPhase section */

/* Begin PBXTargetDependency section */
		D15DBF8E17F87DEE007307C1 /* PBXTargetDependency */ = {
			isa = PBXTargetDependency;
			target = D15DBF6C17F87DEE007307C1 /* sAppy */;
			targetProxy = D15DBF8D17F87DEE007307C1 /* PBXContainerItemProxy */;
		};
/* End PBXTargetDependency section */

/* Begin PBXVariantGroup section */
		D15DBF7917F87DEE007307C1 /* InfoPlist.strings */ = {
			isa = PBXVariantGroup;
			children = (
				D15DBF7A17F87DEE007307C1 /* en */,
			);
			name = InfoPlist.strings;
			sourceTree = "<group>";
		};
		D15DBF9217F87DEE007307C1 /* InfoPlist.strings */ = {
			isa = PBXVariantGroup;
			children = (
				D15DBF9317F87DEE007307C1 /* en */,
			);
			name = InfoPlist.strings;
			sourceTree = "<group>";
		};
/* End PBXVariantGroup section */

/* Begin XCBuildConfiguration section */
		D15DBF9717F87DEE007307C1 /* Debug */ = {
			isa = XCBuildConfiguration;
			buildSettings = {
				ALWAYS_SEARCH_USER_PATHS = NO;
				CLANG_CXX_LANGUAGE_STANDARD = "gnu++0x";
				CLANG_CXX_LIBRARY = "libc++";
				CLANG_ENABLE_MODULES = YES;
				CLANG_ENABLE_OBJC_ARC = YES;
				CLANG_WARN_BOOL_CONVERSION = YES;
				CLANG_WARN_CONSTANT_CONVERSION = YES;
				CLANG_WARN_DIRECT_OBJC_ISA_USAGE = YES_ERROR;
				CLANG_WARN_EMPTY_BODY = YES;
				CLANG_WARN_ENUM_CONVERSION = YES;
				CLANG_WARN_INT_CONVERSION = YES;
				CLANG_WARN_OBJC_ROOT_CLASS = YES_ERROR;
				CLANG_WARN__DUPLICATE_METHOD_MATCH = YES;
				"CODE_SIGN_IDENTITY[sdk=iphoneos*]" = "iPhone Developer";
				COPY_PHASE_STRIP = NO;
				GCC_C_LANGUAGE_STANDARD = gnu99;
				GCC_DYNAMIC_NO_PIC = NO;
				GCC_OPTIMIZATION_LEVEL = 0;
				GCC_PREPROCESSOR_DEFINITIONS = (
					"DEBUG=1",
					"$(inherited)",
				);
				GCC_SYMBOLS_PRIVATE_EXTERN = NO;
				GCC_WARN_64_TO_32_BIT_CONVERSION = YES;
				GCC_WARN_ABOUT_RETURN_TYPE = YES_ERROR;
				GCC_WARN_UNDECLARED_SELECTOR = YES;
				GCC_WARN_UNINITIALIZED_AUTOS = YES;
				GCC_WARN_UNUSED_FUNCTION = YES;
				GCC_WARN_UNUSED_VARIABLE = YES;
				IPHONEOS_DEPLOYMENT_TARGET = 7.0;
				ONLY_ACTIVE_ARCH = YES;
				SDKROOT = iphoneos;
			};
			name = Debug;
		};
		D15DBF9817F87DEE007307C1 /* Release */ = {
			isa = XCBuildConfiguration;
			buildSettings = {
				ALWAYS_SEARCH_USER_PATHS = NO;
				CLANG_CXX_LANGUAGE_STANDARD = "gnu++0x";
				CLANG_CXX_LIBRARY = "libc++";
				CLANG_ENABLE_MODULES = YES;
				CLANG_ENABLE_OBJC_ARC = YES;
				CLANG_WARN_BOOL_CONVERSION = YES;
				CLANG_WARN_CONSTANT_CONVERSION = YES;
				CLANG_WARN_DIRECT_OBJC_ISA_USAGE = YES_ERROR;
				CLANG_WARN_EMPTY_BODY = YES;
				CLANG_WARN_ENUM_CONVERSION = YES;
				CLANG_WARN_INT_CONVERSION = YES;
				CLANG_WARN_OBJC_ROOT_CLASS = YES_ERROR;
				CLANG_WARN__DUPLICATE_METHOD_MATCH = YES;
				"CODE_SIGN_IDENTITY[sdk=iphoneos*]" = "iPhone Developer";
				COPY_PHASE_STRIP = YES;
				ENABLE_NS_ASSERTIONS = NO;
				GCC_C_LANGUAGE_STANDARD = gnu99;
				GCC_WARN_64_TO_32_BIT_CONVERSION = YES;
				GCC_WARN_ABOUT_RETURN_TYPE = YES_ERROR;
				GCC_WARN_UNDECLARED_SELECTOR = YES;
				GCC_WARN_UNINITIALIZED_AUTOS = YES;
				GCC_WARN_UNUSED_FUNCTION = YES;
				GCC_WARN_UNUSED_VARIABLE = YES;
				IPHONEOS_DEPLOYMENT_TARGET = 7.0;
				SDKROOT = iphoneos;
				VALIDATE_PRODUCT = YES;
			};
			name = Release;
		};
		D15DBF9A17F87DEE007307C1 /* Debug */ = {
			isa = XCBuildConfiguration;
			buildSettings = {
				ASSETCATALOG_COMPILER_APPICON_NAME = AppIcon;
				ASSETCATALOG_COMPILER_LAUNCHIMAGE_NAME = LaunchImage;
				CODE_SIGN_IDENTITY = "iPhone Developer: Jonas Anseeuw (D472S7A545)";
				"CODE_SIGN_IDENTITY[sdk=iphoneos*]" = "iPhone Developer: Jonas Anseeuw (D472S7A545)";
				GCC_PRECOMPILE_PREFIX_HEADER = YES;
				GCC_PREFIX_HEADER = "Sab Client/sAppy-Prefix.pch";
				INFOPLIST_FILE = "Sab Client/sAppy-Info.plist";
				IPHONEOS_DEPLOYMENT_TARGET = 7.0;
				PRODUCT_NAME = sAppy;
				PROVISIONING_PROFILE = "26C0867E-CE53-40C8-AED5-292A1C2AAAC1";
				WRAPPER_EXTENSION = app;
			};
			name = Debug;
		};
		D15DBF9B17F87DEE007307C1 /* Release */ = {
			isa = XCBuildConfiguration;
			buildSettings = {
				ASSETCATALOG_COMPILER_APPICON_NAME = AppIcon;
				ASSETCATALOG_COMPILER_LAUNCHIMAGE_NAME = LaunchImage;
				CODE_SIGN_IDENTITY = "iPhone Distribution: Jonas Anseeuw (8VYWUB7ASE)";
				"CODE_SIGN_IDENTITY[sdk=iphoneos*]" = "iPhone Distribution: Jonas Anseeuw (8VYWUB7ASE)";
				GCC_PRECOMPILE_PREFIX_HEADER = YES;
				GCC_PREFIX_HEADER = "Sab Client/sAppy-Prefix.pch";
				INFOPLIST_FILE = "Sab Client/sAppy-Info.plist";
				IPHONEOS_DEPLOYMENT_TARGET = 7.0;
				PRODUCT_NAME = sAppy;
				PROVISIONING_PROFILE = "26C0867E-CE53-40C8-AED5-292A1C2AAAC1";
				WRAPPER_EXTENSION = app;
			};
			name = Release;
		};
		D15DBF9D17F87DEE007307C1 /* Debug */ = {
			isa = XCBuildConfiguration;
			buildSettings = {
				BUNDLE_LOADER = "$(BUILT_PRODUCTS_DIR)/Sab Client.app/Sab Client";
				FRAMEWORK_SEARCH_PATHS = (
					"$(SDKROOT)/Developer/Library/Frameworks",
					"$(inherited)",
					"$(DEVELOPER_FRAMEWORKS_DIR)",
				);
				GCC_PRECOMPILE_PREFIX_HEADER = YES;
				GCC_PREFIX_HEADER = "Sab Client/Sab Client-Prefix.pch";
				GCC_PREPROCESSOR_DEFINITIONS = (
					"DEBUG=1",
					"$(inherited)",
				);
				INFOPLIST_FILE = "Sab ClientTests/sAppyTests-Info.plist";
				PRODUCT_NAME = sAppyTests;
				TEST_HOST = "$(BUNDLE_LOADER)";
				WRAPPER_EXTENSION = xctest;
			};
			name = Debug;
		};
		D15DBF9E17F87DEE007307C1 /* Release */ = {
			isa = XCBuildConfiguration;
			buildSettings = {
				BUNDLE_LOADER = "$(BUILT_PRODUCTS_DIR)/Sab Client.app/Sab Client";
				FRAMEWORK_SEARCH_PATHS = (
					"$(SDKROOT)/Developer/Library/Frameworks",
					"$(inherited)",
					"$(DEVELOPER_FRAMEWORKS_DIR)",
				);
				GCC_PRECOMPILE_PREFIX_HEADER = YES;
				GCC_PREFIX_HEADER = "Sab Client/Sab Client-Prefix.pch";
				INFOPLIST_FILE = "Sab ClientTests/sAppyTests-Info.plist";
				PRODUCT_NAME = sAppyTests;
				TEST_HOST = "$(BUNDLE_LOADER)";
				WRAPPER_EXTENSION = xctest;
			};
			name = Release;
		};
/* End XCBuildConfiguration section */

/* Begin XCConfigurationList section */
		D15DBF6817F87DEE007307C1 /* Build configuration list for PBXProject "sAppy" */ = {
			isa = XCConfigurationList;
			buildConfigurations = (
				D15DBF9717F87DEE007307C1 /* Debug */,
				D15DBF9817F87DEE007307C1 /* Release */,
			);
			defaultConfigurationIsVisible = 0;
			defaultConfigurationName = Release;
		};
		D15DBF9917F87DEE007307C1 /* Build configuration list for PBXNativeTarget "sAppy" */ = {
			isa = XCConfigurationList;
			buildConfigurations = (
				D15DBF9A17F87DEE007307C1 /* Debug */,
				D15DBF9B17F87DEE007307C1 /* Release */,
			);
			defaultConfigurationIsVisible = 0;
			defaultConfigurationName = Release;
		};
		D15DBF9C17F87DEE007307C1 /* Build configuration list for PBXNativeTarget "sAppyTests" */ = {
			isa = XCConfigurationList;
			buildConfigurations = (
				D15DBF9D17F87DEE007307C1 /* Debug */,
				D15DBF9E17F87DEE007307C1 /* Release */,
			);
			defaultConfigurationIsVisible = 0;
			defaultConfigurationName = Release;
		};
/* End XCConfigurationList section */
	};
	rootObject = D15DBF6517F87DEE007307C1 /* Project object */;
}
